
Microsoft Visual Studio Solution File, Format Version 12.00
# Visual Studio 14
VisualStudioVersion = 14.0.25420.1
MinimumVisualStudioVersion = 10.0.40219.1
Project("{FAE04EC0-301F-11D3-BF4B-00C04F79EFBC}") = "WPF-Binding源为集合", "WPF-集合对象作为Binding源\WPF-Binding源为集合.csproj", "{C65749DB-8A5D-4F36-BD83-A39D23BBF4DE}"
EndProject
Project("{FAE04EC0-301F-11D3-BF4B-00C04F79EFBC}") = "WPF-Binding源为控件作", "WPF-控件作为Binding源\WPF-Binding源为控件作.csproj", "{12111298-3A8E-4798-BC4E-746782FCD16F}"
EndProject
Project("{FAE04EC0-301F-11D3-BF4B-00C04F79EFBC}") = "WPF-Binding没有Source", "WPF-没有Source的绑定\WPF-Binding没有Source.csproj", "{249862BE-FC62-420B-899B-764080E59070}"
EndProject
Project("{FAE04EC0-301F-11D3-BF4B-00C04F79EFBC}") = "WPF-对象资源", "WPF-对象资源\WPF-对象资源.csproj", "{BD6F0D52-4AC3-4DD2-8A98-101CDA8ACFA8}"
EndProject
Project("{FAE04EC0-301F-11D3-BF4B-00C04F79EFBC}") = "CSharp-DesignPattern", "CSharp-DesignPattern\CSharp-DesignPattern.csproj", "{6761302B-5EC9-4D53-9D85-F9FE323551E4}"
EndProject
Project("{FAE04EC0-301F-11D3-BF4B-00C04F79EFBC}") = "CSharp-Dictionary", "CSharp-Dictionary\CSharp-Dictionary.csproj", "{56C175DC-4ADE-4DE4-BE47-A20F4CBD77C0}"
EndProject
Project("{FAE04EC0-301F-11D3-BF4B-00C04F79EFBC}") = "CSharp-Generics", "CSharp-Generics\CSharp-Generics.csproj", "{0784F0A0-322E-4C92-A4C1-18D9AB9373F7}"
EndProject
Project("{FAE04EC0-301F-11D3-BF4B-00C04F79EFBC}") = "CSharp-Interface", "CSharp-Interface\CSharp-Interface.csproj", "{91D1346A-3D81-496A-B5AF-7BAD03C2B3EC}"
EndProject
Project("{FAE04EC0-301F-11D3-BF4B-00C04F79EFBC}") = "CSharp-LINQ", "CSharp-LINQ\CSharp-LINQ.csproj", "{13574F1E-EC14-48BA-A18C-8AC3C05EBF57}"
EndProject
Project("{FAE04EC0-301F-11D3-BF4B-00C04F79EFBC}") = "CSharp-Using", "CSharp-Using\CSharp-Using.csproj", "{9118E6F7-F977-4FD2-AC00-9466AF329672}"
EndProject
Project("{FAE04EC0-301F-11D3-BF4B-00C04F79EFBC}") = "MVVM-Calculator", "MVVM-Calculator\MVVM-Calculator.csproj", "{3DF15E90-4D35-4AA5-B3D5-6D88C8B6DB47}"
EndProject
Project("{FAE04EC0-301F-11D3-BF4B-00C04F79EFBC}") = "NuGet-MergeDLL", "NuGet-MergeDLL\NuGet-MergeDLL.csproj", "{245A3F8C-CF67-4912-8CE7-CA61F79485D6}"
EndProject
Project("{FAE04EC0-301F-11D3-BF4B-00C04F79EFBC}") = "MVVM-DataGrid", "MVVM-DataGrid\MVVM-DataGrid.csproj", "{5F5354CC-65C3-4FBD-BD49-32F980A02646}"
EndProject
Project("{FAE04EC0-301F-11D3-BF4B-00C04F79EFBC}") = "CSharp-ParseHtml", "CSharp-ParseHtml\CSharp-ParseHtml.csproj", "{5DC2E64D-51EC-4CA3-B9EF-290811DFC746}"
EndProject
Project("{FAE04EC0-301F-11D3-BF4B-00C04F79EFBC}") = "CSharp-ExcelToDataTable", "CSharp-ExcelToDataTable\CSharp-ExcelToDataTable.csproj", "{836AB59A-B012-4456-8411-86516CB524D7}"
EndProject
Project("{FAE04EC0-301F-11D3-BF4B-00C04F79EFBC}") = "WPF-布局嵌套", "WPF-布局嵌套\WPF-布局嵌套.csproj", "{D3CEC90A-CCB7-46F4-A9C2-4B5483E1FD53}"
EndProject
Project("{FAE04EC0-301F-11D3-BF4B-00C04F79EFBC}") = "WPF-布局Canvas", "WPF-布局Canvas\WPF-布局Canvas.csproj", "{ACA4CB31-0007-4AD3-9C99-1756FB06A8A6}"
EndProject
Project("{FAE04EC0-301F-11D3-BF4B-00C04F79EFBC}") = "WPF-布局StackPanel", "WPF-布局StackPanel\WPF-布局StackPanel.csproj", "{96E380A4-B5A1-47D0-B3DC-74D281CAE312}"
EndProject
Project("{FAE04EC0-301F-11D3-BF4B-00C04F79EFBC}") = "WPF-布局Grid", "WPF-布局Grid\WPF-布局Grid.csproj", "{1881CF44-5BEA-4D33-85EE-D5575EE063D9}"
EndProject
Project("{FAE04EC0-301F-11D3-BF4B-00C04F79EFBC}") = "WPF-布局DockPanel", "WPF-布局DockPanel\WPF-布局DockPanel.csproj", "{11A4BF95-FB1D-47ED-86A1-BEB1568324F5}"
EndProject
Project("{FAE04EC0-301F-11D3-BF4B-00C04F79EFBC}") = "WPF-控件ListView", "WPF-控件ListView\WPF-控件ListView.csproj", "{34120110-7289-4D1B-B024-654079BFEDB0}"
EndProject
Project("{FAE04EC0-301F-11D3-BF4B-00C04F79EFBC}") = "Nuget-MergeNativeDll", "Nuget-MergeNativeDll\Nuget-MergeNativeDll.csproj", "{212FFB9D-01C4-4BE7-9875-5043D728F1A0}"
EndProject
Project("{FAE04EC0-301F-11D3-BF4B-00C04F79EFBC}") = "WPF-控件DataGrid", "WPF-控件DataGrid\WPF-控件DataGrid.csproj", "{4F6CB8AF-336F-4AF6-878C-A83A114D2B7E}"
EndProject
Project("{FAE04EC0-301F-11D3-BF4B-00C04F79EFBC}") = "WPF-触发器", "WPF-触发器\WPF-触发器.csproj", "{429DBF0C-391F-4A52-90FA-E5B6E42D3E35}"
EndProject
Project("{FAE04EC0-301F-11D3-BF4B-00C04F79EFBC}") = "WPF-ObservableCollection类的使用", "WPF-ObservableCollection类的使用\WPF-ObservableCollection类的使用.csproj", "{6FE60F1B-AE35-4C10-BE3D-F47E01C07C21}"
EndProject
Project("{FAE04EC0-301F-11D3-BF4B-00C04F79EFBC}") = "CSharp-Syntax Sugar", "CSharp-Syntax Sugar\CSharp-Syntax Sugar.csproj", "{2C1EEAFC-8DBE-4566-9E0D-93E20F9496FB}"
EndProject
Project("{FAE04EC0-301F-11D3-BF4B-00C04F79EFBC}") = "CSharp-Resource", "CSharp-Resource\CSharp-Resource.csproj", "{7187ACF0-8F5E-45C6-B507-9E0E3C1D4AE7}"
EndProject
Project("{FAE04EC0-301F-11D3-BF4B-00C04F79EFBC}") = "CSharp-Attribute", "CSharp-Attribute\CSharp-Attribute.csproj", "{40304F04-433A-486F-A021-5B12803C8B2E}"
EndProject
Project("{FAE04EC0-301F-11D3-BF4B-00C04F79EFBC}") = "CSharp-Index", "CSharp-Index\CSharp-Index.csproj", "{E74A4850-AD7D-4644-9970-BB20D53C1C64}"
EndProject
Project("{FAE04EC0-301F-11D3-BF4B-00C04F79EFBC}") = "CSharp-Yield", "CSharp-Yield\CSharp-Yield.csproj", "{9284FDF4-0583-4F27-BC1F-94C6C0D71147}"
EndProject
Global
	GlobalSection(SolutionConfigurationPlatforms) = preSolution
		Debug|Any CPU = Debug|Any CPU
		Debug|x86 = Debug|x86
		Release|Any CPU = Release|Any CPU
		Release|x86 = Release|x86
	EndGlobalSection
	GlobalSection(ProjectConfigurationPlatforms) = postSolution
		{C65749DB-8A5D-4F36-BD83-A39D23BBF4DE}.Debug|Any CPU.ActiveCfg = Debug|Any CPU
		{C65749DB-8A5D-4F36-BD83-A39D23BBF4DE}.Debug|Any CPU.Build.0 = Debug|Any CPU
		{C65749DB-8A5D-4F36-BD83-A39D23BBF4DE}.Debug|x86.ActiveCfg = Debug|Any CPU
		{C65749DB-8A5D-4F36-BD83-A39D23BBF4DE}.Debug|x86.Build.0 = Debug|Any CPU
		{C65749DB-8A5D-4F36-BD83-A39D23BBF4DE}.Release|Any CPU.ActiveCfg = Release|Any CPU
		{C65749DB-8A5D-4F36-BD83-A39D23BBF4DE}.Release|Any CPU.Build.0 = Release|Any CPU
		{C65749DB-8A5D-4F36-BD83-A39D23BBF4DE}.Release|x86.ActiveCfg = Release|Any CPU
		{C65749DB-8A5D-4F36-BD83-A39D23BBF4DE}.Release|x86.Build.0 = Release|Any CPU
		{12111298-3A8E-4798-BC4E-746782FCD16F}.Debug|Any CPU.ActiveCfg = Debug|Any CPU
		{12111298-3A8E-4798-BC4E-746782FCD16F}.Debug|Any CPU.Build.0 = Debug|Any CPU
		{12111298-3A8E-4798-BC4E-746782FCD16F}.Debug|x86.ActiveCfg = Debug|Any CPU
		{12111298-3A8E-4798-BC4E-746782FCD16F}.Debug|x86.Build.0 = Debug|Any CPU
		{12111298-3A8E-4798-BC4E-746782FCD16F}.Release|Any CPU.ActiveCfg = Release|Any CPU
		{12111298-3A8E-4798-BC4E-746782FCD16F}.Release|Any CPU.Build.0 = Release|Any CPU
		{12111298-3A8E-4798-BC4E-746782FCD16F}.Release|x86.ActiveCfg = Release|Any CPU
		{12111298-3A8E-4798-BC4E-746782FCD16F}.Release|x86.Build.0 = Release|Any CPU
		{249862BE-FC62-420B-899B-764080E59070}.Debug|Any CPU.ActiveCfg = Debug|Any CPU
		{249862BE-FC62-420B-899B-764080E59070}.Debug|Any CPU.Build.0 = Debug|Any CPU
		{249862BE-FC62-420B-899B-764080E59070}.Debug|x86.ActiveCfg = Debug|Any CPU
		{249862BE-FC62-420B-899B-764080E59070}.Debug|x86.Build.0 = Debug|Any CPU
		{249862BE-FC62-420B-899B-764080E59070}.Release|Any CPU.ActiveCfg = Release|Any CPU
		{249862BE-FC62-420B-899B-764080E59070}.Release|Any CPU.Build.0 = Release|Any CPU
		{249862BE-FC62-420B-899B-764080E59070}.Release|x86.ActiveCfg = Release|Any CPU
		{249862BE-FC62-420B-899B-764080E59070}.Release|x86.Build.0 = Release|Any CPU
		{BD6F0D52-4AC3-4DD2-8A98-101CDA8ACFA8}.Debug|Any CPU.ActiveCfg = Debug|Any CPU
		{BD6F0D52-4AC3-4DD2-8A98-101CDA8ACFA8}.Debug|Any CPU.Build.0 = Debug|Any CPU
		{BD6F0D52-4AC3-4DD2-8A98-101CDA8ACFA8}.Debug|x86.ActiveCfg = Debug|Any CPU
		{BD6F0D52-4AC3-4DD2-8A98-101CDA8ACFA8}.Debug|x86.Build.0 = Debug|Any CPU
		{BD6F0D52-4AC3-4DD2-8A98-101CDA8ACFA8}.Release|Any CPU.ActiveCfg = Release|Any CPU
		{BD6F0D52-4AC3-4DD2-8A98-101CDA8ACFA8}.Release|Any CPU.Build.0 = Release|Any CPU
		{BD6F0D52-4AC3-4DD2-8A98-101CDA8ACFA8}.Release|x86.ActiveCfg = Release|Any CPU
		{BD6F0D52-4AC3-4DD2-8A98-101CDA8ACFA8}.Release|x86.Build.0 = Release|Any CPU
		{6761302B-5EC9-4D53-9D85-F9FE323551E4}.Debug|Any CPU.ActiveCfg = Debug|x86
		{6761302B-5EC9-4D53-9D85-F9FE323551E4}.Debug|x86.ActiveCfg = Debug|x86
		{6761302B-5EC9-4D53-9D85-F9FE323551E4}.Debug|x86.Build.0 = Debug|x86
		{6761302B-5EC9-4D53-9D85-F9FE323551E4}.Release|Any CPU.ActiveCfg = Release|x86
		{6761302B-5EC9-4D53-9D85-F9FE323551E4}.Release|x86.ActiveCfg = Release|x86
		{6761302B-5EC9-4D53-9D85-F9FE323551E4}.Release|x86.Build.0 = Release|x86
		{56C175DC-4ADE-4DE4-BE47-A20F4CBD77C0}.Debug|Any CPU.ActiveCfg = Debug|x86
		{56C175DC-4ADE-4DE4-BE47-A20F4CBD77C0}.Debug|x86.ActiveCfg = Debug|x86
		{56C175DC-4ADE-4DE4-BE47-A20F4CBD77C0}.Debug|x86.Build.0 = Debug|x86
		{56C175DC-4ADE-4DE4-BE47-A20F4CBD77C0}.Release|Any CPU.ActiveCfg = Release|x86
		{56C175DC-4ADE-4DE4-BE47-A20F4CBD77C0}.Release|x86.ActiveCfg = Release|x86
		{56C175DC-4ADE-4DE4-BE47-A20F4CBD77C0}.Release|x86.Build.0 = Release|x86
		{0784F0A0-322E-4C92-A4C1-18D9AB9373F7}.Debug|Any CPU.ActiveCfg = Debug|x86
		{0784F0A0-322E-4C92-A4C1-18D9AB9373F7}.Debug|x86.ActiveCfg = Debug|x86
		{0784F0A0-322E-4C92-A4C1-18D9AB9373F7}.Debug|x86.Build.0 = Debug|x86
		{0784F0A0-322E-4C92-A4C1-18D9AB9373F7}.Release|Any CPU.ActiveCfg = Release|x86
		{0784F0A0-322E-4C92-A4C1-18D9AB9373F7}.Release|x86.ActiveCfg = Release|x86
		{0784F0A0-322E-4C92-A4C1-18D9AB9373F7}.Release|x86.Build.0 = Release|x86
		{91D1346A-3D81-496A-B5AF-7BAD03C2B3EC}.Debug|Any CPU.ActiveCfg = Debug|x86
		{91D1346A-3D81-496A-B5AF-7BAD03C2B3EC}.Debug|x86.ActiveCfg = Debug|x86
		{91D1346A-3D81-496A-B5AF-7BAD03C2B3EC}.Debug|x86.Build.0 = Debug|x86
		{91D1346A-3D81-496A-B5AF-7BAD03C2B3EC}.Release|Any CPU.ActiveCfg = Release|x86
		{91D1346A-3D81-496A-B5AF-7BAD03C2B3EC}.Release|x86.ActiveCfg = Release|x86
		{91D1346A-3D81-496A-B5AF-7BAD03C2B3EC}.Release|x86.Build.0 = Release|x86
		{13574F1E-EC14-48BA-A18C-8AC3C05EBF57}.Debug|Any CPU.ActiveCfg = Debug|x86
		{13574F1E-EC14-48BA-A18C-8AC3C05EBF57}.Debug|x86.ActiveCfg = Debug|x86
		{13574F1E-EC14-48BA-A18C-8AC3C05EBF57}.Debug|x86.Build.0 = Debug|x86
		{13574F1E-EC14-48BA-A18C-8AC3C05EBF57}.Release|Any CPU.ActiveCfg = Release|x86
		{13574F1E-EC14-48BA-A18C-8AC3C05EBF57}.Release|x86.ActiveCfg = Release|x86
		{13574F1E-EC14-48BA-A18C-8AC3C05EBF57}.Release|x86.Build.0 = Release|x86
		{9118E6F7-F977-4FD2-AC00-9466AF329672}.Debug|Any CPU.ActiveCfg = Debug|x86
		{9118E6F7-F977-4FD2-AC00-9466AF329672}.Debug|x86.ActiveCfg = Debug|x86
		{9118E6F7-F977-4FD2-AC00-9466AF329672}.Debug|x86.Build.0 = Debug|x86
		{9118E6F7-F977-4FD2-AC00-9466AF329672}.Release|Any CPU.ActiveCfg = Release|x86
		{9118E6F7-F977-4FD2-AC00-9466AF329672}.Release|x86.ActiveCfg = Release|x86
		{9118E6F7-F977-4FD2-AC00-9466AF329672}.Release|x86.Build.0 = Release|x86
		{3DF15E90-4D35-4AA5-B3D5-6D88C8B6DB47}.Debug|Any CPU.ActiveCfg = Debug|Any CPU
		{3DF15E90-4D35-4AA5-B3D5-6D88C8B6DB47}.Debug|Any CPU.Build.0 = Debug|Any CPU
		{3DF15E90-4D35-4AA5-B3D5-6D88C8B6DB47}.Debug|x86.ActiveCfg = Debug|Any CPU
		{3DF15E90-4D35-4AA5-B3D5-6D88C8B6DB47}.Debug|x86.Build.0 = Debug|Any CPU
		{3DF15E90-4D35-4AA5-B3D5-6D88C8B6DB47}.Release|Any CPU.ActiveCfg = Release|Any CPU
		{3DF15E90-4D35-4AA5-B3D5-6D88C8B6DB47}.Release|Any CPU.Build.0 = Release|Any CPU
		{3DF15E90-4D35-4AA5-B3D5-6D88C8B6DB47}.Release|x86.ActiveCfg = Release|Any CPU
		{3DF15E90-4D35-4AA5-B3D5-6D88C8B6DB47}.Release|x86.Build.0 = Release|Any CPU
		{245A3F8C-CF67-4912-8CE7-CA61F79485D6}.Debug|Any CPU.ActiveCfg = Debug|x86
		{245A3F8C-CF67-4912-8CE7-CA61F79485D6}.Debug|x86.ActiveCfg = Debug|x86
		{245A3F8C-CF67-4912-8CE7-CA61F79485D6}.Debug|x86.Build.0 = Debug|x86
		{245A3F8C-CF67-4912-8CE7-CA61F79485D6}.Release|Any CPU.ActiveCfg = Release|x86
		{245A3F8C-CF67-4912-8CE7-CA61F79485D6}.Release|x86.ActiveCfg = Release|x86
		{245A3F8C-CF67-4912-8CE7-CA61F79485D6}.Release|x86.Build.0 = Release|x86
		{5F5354CC-65C3-4FBD-BD49-32F980A02646}.Debug|Any CPU.ActiveCfg = Debug|Any CPU
		{5F5354CC-65C3-4FBD-BD49-32F980A02646}.Debug|Any CPU.Build.0 = Debug|Any CPU
		{5F5354CC-65C3-4FBD-BD49-32F980A02646}.Debug|x86.ActiveCfg = Debug|Any CPU
		{5F5354CC-65C3-4FBD-BD49-32F980A02646}.Debug|x86.Build.0 = Debug|Any CPU
		{5F5354CC-65C3-4FBD-BD49-32F980A02646}.Release|Any CPU.ActiveCfg = Release|Any CPU
		{5F5354CC-65C3-4FBD-BD49-32F980A02646}.Release|Any CPU.Build.0 = Release|Any CPU
		{5F5354CC-65C3-4FBD-BD49-32F980A02646}.Release|x86.ActiveCfg = Release|Any CPU
		{5F5354CC-65C3-4FBD-BD49-32F980A02646}.Release|x86.Build.0 = Release|Any CPU
		{5DC2E64D-51EC-4CA3-B9EF-290811DFC746}.Debug|Any CPU.ActiveCfg = Debug|x86
		{5DC2E64D-51EC-4CA3-B9EF-290811DFC746}.Debug|x86.ActiveCfg = Debug|x86
		{5DC2E64D-51EC-4CA3-B9EF-290811DFC746}.Debug|x86.Build.0 = Debug|x86
		{5DC2E64D-51EC-4CA3-B9EF-290811DFC746}.Release|Any CPU.ActiveCfg = Release|x86
		{5DC2E64D-51EC-4CA3-B9EF-290811DFC746}.Release|x86.ActiveCfg = Release|x86
		{5DC2E64D-51EC-4CA3-B9EF-290811DFC746}.Release|x86.Build.0 = Release|x86
		{836AB59A-B012-4456-8411-86516CB524D7}.Debug|Any CPU.ActiveCfg = Debug|Any CPU
		{836AB59A-B012-4456-8411-86516CB524D7}.Debug|Any CPU.Build.0 = Debug|Any CPU
		{836AB59A-B012-4456-8411-86516CB524D7}.Debug|x86.ActiveCfg = Debug|x86
		{836AB59A-B012-4456-8411-86516CB524D7}.Debug|x86.Build.0 = Debug|x86
		{836AB59A-B012-4456-8411-86516CB524D7}.Release|Any CPU.ActiveCfg = Release|Any CPU
		{836AB59A-B012-4456-8411-86516CB524D7}.Release|Any CPU.Build.0 = Release|Any CPU
		{836AB59A-B012-4456-8411-86516CB524D7}.Release|x86.ActiveCfg = Release|x86
		{836AB59A-B012-4456-8411-86516CB524D7}.Release|x86.Build.0 = Release|x86
		{D3CEC90A-CCB7-46F4-A9C2-4B5483E1FD53}.Debug|Any CPU.ActiveCfg = Debug|Any CPU
		{D3CEC90A-CCB7-46F4-A9C2-4B5483E1FD53}.Debug|Any CPU.Build.0 = Debug|Any CPU
		{D3CEC90A-CCB7-46F4-A9C2-4B5483E1FD53}.Debug|x86.ActiveCfg = Debug|Any CPU
		{D3CEC90A-CCB7-46F4-A9C2-4B5483E1FD53}.Debug|x86.Build.0 = Debug|Any CPU
		{D3CEC90A-CCB7-46F4-A9C2-4B5483E1FD53}.Release|Any CPU.ActiveCfg = Release|Any CPU
		{D3CEC90A-CCB7-46F4-A9C2-4B5483E1FD53}.Release|Any CPU.Build.0 = Release|Any CPU
		{D3CEC90A-CCB7-46F4-A9C2-4B5483E1FD53}.Release|x86.ActiveCfg = Release|Any CPU
		{D3CEC90A-CCB7-46F4-A9C2-4B5483E1FD53}.Release|x86.Build.0 = Release|Any CPU
		{ACA4CB31-0007-4AD3-9C99-1756FB06A8A6}.Debug|Any CPU.ActiveCfg = Debug|Any CPU
		{ACA4CB31-0007-4AD3-9C99-1756FB06A8A6}.Debug|Any CPU.Build.0 = Debug|Any CPU
		{ACA4CB31-0007-4AD3-9C99-1756FB06A8A6}.Debug|x86.ActiveCfg = Debug|Any CPU
		{ACA4CB31-0007-4AD3-9C99-1756FB06A8A6}.Debug|x86.Build.0 = Debug|Any CPU
		{ACA4CB31-0007-4AD3-9C99-1756FB06A8A6}.Release|Any CPU.ActiveCfg = Release|Any CPU
		{ACA4CB31-0007-4AD3-9C99-1756FB06A8A6}.Release|Any CPU.Build.0 = Release|Any CPU
		{ACA4CB31-0007-4AD3-9C99-1756FB06A8A6}.Release|x86.ActiveCfg = Release|Any CPU
		{ACA4CB31-0007-4AD3-9C99-1756FB06A8A6}.Release|x86.Build.0 = Release|Any CPU
		{96E380A4-B5A1-47D0-B3DC-74D281CAE312}.Debug|Any CPU.ActiveCfg = Debug|Any CPU
		{96E380A4-B5A1-47D0-B3DC-74D281CAE312}.Debug|Any CPU.Build.0 = Debug|Any CPU
		{96E380A4-B5A1-47D0-B3DC-74D281CAE312}.Debug|x86.ActiveCfg = Debug|Any CPU
		{96E380A4-B5A1-47D0-B3DC-74D281CAE312}.Debug|x86.Build.0 = Debug|Any CPU
		{96E380A4-B5A1-47D0-B3DC-74D281CAE312}.Release|Any CPU.ActiveCfg = Release|Any CPU
		{96E380A4-B5A1-47D0-B3DC-74D281CAE312}.Release|Any CPU.Build.0 = Release|Any CPU
		{96E380A4-B5A1-47D0-B3DC-74D281CAE312}.Release|x86.ActiveCfg = Release|Any CPU
		{96E380A4-B5A1-47D0-B3DC-74D281CAE312}.Release|x86.Build.0 = Release|Any CPU
		{1881CF44-5BEA-4D33-85EE-D5575EE063D9}.Debug|Any CPU.ActiveCfg = Debug|Any CPU
		{1881CF44-5BEA-4D33-85EE-D5575EE063D9}.Debug|Any CPU.Build.0 = Debug|Any CPU
		{1881CF44-5BEA-4D33-85EE-D5575EE063D9}.Debug|x86.ActiveCfg = Debug|Any CPU
		{1881CF44-5BEA-4D33-85EE-D5575EE063D9}.Debug|x86.Build.0 = Debug|Any CPU
		{1881CF44-5BEA-4D33-85EE-D5575EE063D9}.Release|Any CPU.ActiveCfg = Release|Any CPU
		{1881CF44-5BEA-4D33-85EE-D5575EE063D9}.Release|Any CPU.Build.0 = Release|Any CPU
		{1881CF44-5BEA-4D33-85EE-D5575EE063D9}.Release|x86.ActiveCfg = Release|Any CPU
		{1881CF44-5BEA-4D33-85EE-D5575EE063D9}.Release|x86.Build.0 = Release|Any CPU
		{11A4BF95-FB1D-47ED-86A1-BEB1568324F5}.Debug|Any CPU.ActiveCfg = Debug|Any CPU
		{11A4BF95-FB1D-47ED-86A1-BEB1568324F5}.Debug|Any CPU.Build.0 = Debug|Any CPU
		{11A4BF95-FB1D-47ED-86A1-BEB1568324F5}.Debug|x86.ActiveCfg = Debug|Any CPU
		{11A4BF95-FB1D-47ED-86A1-BEB1568324F5}.Debug|x86.Build.0 = Debug|Any CPU
		{11A4BF95-FB1D-47ED-86A1-BEB1568324F5}.Release|Any CPU.ActiveCfg = Release|Any CPU
		{11A4BF95-FB1D-47ED-86A1-BEB1568324F5}.Release|Any CPU.Build.0 = Release|Any CPU
		{11A4BF95-FB1D-47ED-86A1-BEB1568324F5}.Release|x86.ActiveCfg = Release|Any CPU
		{11A4BF95-FB1D-47ED-86A1-BEB1568324F5}.Release|x86.Build.0 = Release|Any CPU
		{34120110-7289-4D1B-B024-654079BFEDB0}.Debug|Any CPU.ActiveCfg = Debug|Any CPU
		{34120110-7289-4D1B-B024-654079BFEDB0}.Debug|Any CPU.Build.0 = Debug|Any CPU
		{34120110-7289-4D1B-B024-654079BFEDB0}.Debug|x86.ActiveCfg = Debug|Any CPU
		{34120110-7289-4D1B-B024-654079BFEDB0}.Debug|x86.Build.0 = Debug|Any CPU
		{34120110-7289-4D1B-B024-654079BFEDB0}.Release|Any CPU.ActiveCfg = Release|Any CPU
		{34120110-7289-4D1B-B024-654079BFEDB0}.Release|Any CPU.Build.0 = Release|Any CPU
		{34120110-7289-4D1B-B024-654079BFEDB0}.Release|x86.ActiveCfg = Release|Any CPU
		{34120110-7289-4D1B-B024-654079BFEDB0}.Release|x86.Build.0 = Release|Any CPU
		{212FFB9D-01C4-4BE7-9875-5043D728F1A0}.Debug|Any CPU.ActiveCfg = Debug|Any CPU
		{212FFB9D-01C4-4BE7-9875-5043D728F1A0}.Debug|Any CPU.Build.0 = Debug|Any CPU
		{212FFB9D-01C4-4BE7-9875-5043D728F1A0}.Debug|x86.ActiveCfg = Debug|Any CPU
		{212FFB9D-01C4-4BE7-9875-5043D728F1A0}.Debug|x86.Build.0 = Debug|Any CPU
		{212FFB9D-01C4-4BE7-9875-5043D728F1A0}.Release|Any CPU.ActiveCfg = Release|Any CPU
		{212FFB9D-01C4-4BE7-9875-5043D728F1A0}.Release|Any CPU.Build.0 = Release|Any CPU
		{212FFB9D-01C4-4BE7-9875-5043D728F1A0}.Release|x86.ActiveCfg = Release|Any CPU
		{212FFB9D-01C4-4BE7-9875-5043D728F1A0}.Release|x86.Build.0 = Release|Any CPU
		{4F6CB8AF-336F-4AF6-878C-A83A114D2B7E}.Debug|Any CPU.ActiveCfg = Debug|Any CPU
		{4F6CB8AF-336F-4AF6-878C-A83A114D2B7E}.Debug|Any CPU.Build.0 = Debug|Any CPU
		{4F6CB8AF-336F-4AF6-878C-A83A114D2B7E}.Debug|x86.ActiveCfg = Debug|Any CPU
		{4F6CB8AF-336F-4AF6-878C-A83A114D2B7E}.Debug|x86.Build.0 = Debug|Any CPU
		{4F6CB8AF-336F-4AF6-878C-A83A114D2B7E}.Release|Any CPU.ActiveCfg = Release|Any CPU
		{4F6CB8AF-336F-4AF6-878C-A83A114D2B7E}.Release|Any CPU.Build.0 = Release|Any CPU
		{4F6CB8AF-336F-4AF6-878C-A83A114D2B7E}.Release|x86.ActiveCfg = Release|Any CPU
		{4F6CB8AF-336F-4AF6-878C-A83A114D2B7E}.Release|x86.Build.0 = Release|Any CPU
		{429DBF0C-391F-4A52-90FA-E5B6E42D3E35}.Debug|Any CPU.ActiveCfg = Debug|Any CPU
		{429DBF0C-391F-4A52-90FA-E5B6E42D3E35}.Debug|Any CPU.Build.0 = Debug|Any CPU
		{429DBF0C-391F-4A52-90FA-E5B6E42D3E35}.Debug|x86.ActiveCfg = Debug|Any CPU
		{429DBF0C-391F-4A52-90FA-E5B6E42D3E35}.Debug|x86.Build.0 = Debug|Any CPU
		{429DBF0C-391F-4A52-90FA-E5B6E42D3E35}.Release|Any CPU.ActiveCfg = Release|Any CPU
		{429DBF0C-391F-4A52-90FA-E5B6E42D3E35}.Release|Any CPU.Build.0 = Release|Any CPU
		{429DBF0C-391F-4A52-90FA-E5B6E42D3E35}.Release|x86.ActiveCfg = Release|Any CPU
		{429DBF0C-391F-4A52-90FA-E5B6E42D3E35}.Release|x86.Build.0 = Release|Any CPU
		{6FE60F1B-AE35-4C10-BE3D-F47E01C07C21}.Debug|Any CPU.ActiveCfg = Debug|Any CPU
		{6FE60F1B-AE35-4C10-BE3D-F47E01C07C21}.Debug|Any CPU.Build.0 = Debug|Any CPU
		{6FE60F1B-AE35-4C10-BE3D-F47E01C07C21}.Debug|x86.ActiveCfg = Debug|Any CPU
		{6FE60F1B-AE35-4C10-BE3D-F47E01C07C21}.Debug|x86.Build.0 = Debug|Any CPU
		{6FE60F1B-AE35-4C10-BE3D-F47E01C07C21}.Release|Any CPU.ActiveCfg = Release|Any CPU
		{6FE60F1B-AE35-4C10-BE3D-F47E01C07C21}.Release|Any CPU.Build.0 = Release|Any CPU
		{6FE60F1B-AE35-4C10-BE3D-F47E01C07C21}.Release|x86.ActiveCfg = Release|Any CPU
		{6FE60F1B-AE35-4C10-BE3D-F47E01C07C21}.Release|x86.Build.0 = Release|Any CPU
		{2C1EEAFC-8DBE-4566-9E0D-93E20F9496FB}.Debug|Any CPU.ActiveCfg = Debug|Any CPU
		{2C1EEAFC-8DBE-4566-9E0D-93E20F9496FB}.Debug|Any CPU.Build.0 = Debug|Any CPU
		{2C1EEAFC-8DBE-4566-9E0D-93E20F9496FB}.Debug|x86.ActiveCfg = Debug|Any CPU
		{2C1EEAFC-8DBE-4566-9E0D-93E20F9496FB}.Debug|x86.Build.0 = Debug|Any CPU
		{2C1EEAFC-8DBE-4566-9E0D-93E20F9496FB}.Release|Any CPU.ActiveCfg = Release|Any CPU
		{2C1EEAFC-8DBE-4566-9E0D-93E20F9496FB}.Release|Any CPU.Build.0 = Release|Any CPU
		{2C1EEAFC-8DBE-4566-9E0D-93E20F9496FB}.Release|x86.ActiveCfg = Release|Any CPU
		{2C1EEAFC-8DBE-4566-9E0D-93E20F9496FB}.Release|x86.Build.0 = Release|Any CPU
		{7187ACF0-8F5E-45C6-B507-9E0E3C1D4AE7}.Debug|Any CPU.ActiveCfg = Debug|Any CPU
		{7187ACF0-8F5E-45C6-B507-9E0E3C1D4AE7}.Debug|Any CPU.Build.0 = Debug|Any CPU
		{7187ACF0-8F5E-45C6-B507-9E0E3C1D4AE7}.Debug|x86.ActiveCfg = Debug|Any CPU
		{7187ACF0-8F5E-45C6-B507-9E0E3C1D4AE7}.Debug|x86.Build.0 = Debug|Any CPU
		{7187ACF0-8F5E-45C6-B507-9E0E3C1D4AE7}.Release|Any CPU.ActiveCfg = Release|Any CPU
		{7187ACF0-8F5E-45C6-B507-9E0E3C1D4AE7}.Release|Any CPU.Build.0 = Release|Any CPU
		{7187ACF0-8F5E-45C6-B507-9E0E3C1D4AE7}.Release|x86.ActiveCfg = Release|Any CPU
		{7187ACF0-8F5E-45C6-B507-9E0E3C1D4AE7}.Release|x86.Build.0 = Release|Any CPU
		{40304F04-433A-486F-A021-5B12803C8B2E}.Debug|Any CPU.ActiveCfg = Debug|Any CPU
		{40304F04-433A-486F-A021-5B12803C8B2E}.Debug|Any CPU.Build.0 = Debug|Any CPU
		{40304F04-433A-486F-A021-5B12803C8B2E}.Debug|x86.ActiveCfg = Debug|Any CPU
		{40304F04-433A-486F-A021-5B12803C8B2E}.Debug|x86.Build.0 = Debug|Any CPU
		{40304F04-433A-486F-A021-5B12803C8B2E}.Release|Any CPU.ActiveCfg = Release|Any CPU
		{40304F04-433A-486F-A021-5B12803C8B2E}.Release|Any CPU.Build.0 = Release|Any CPU
		{40304F04-433A-486F-A021-5B12803C8B2E}.Release|x86.ActiveCfg = Release|Any CPU
		{40304F04-433A-486F-A021-5B12803C8B2E}.Release|x86.Build.0 = Release|Any CPU
		{E74A4850-AD7D-4644-9970-BB20D53C1C64}.Debug|Any CPU.ActiveCfg = Debug|Any CPU
		{E74A4850-AD7D-4644-9970-BB20D53C1C64}.Debug|Any CPU.Build.0 = Debug|Any CPU
		{E74A4850-AD7D-4644-9970-BB20D53C1C64}.Debug|x86.ActiveCfg = Debug|Any CPU
		{E74A4850-AD7D-4644-9970-BB20D53C1C64}.Debug|x86.Build.0 = Debug|Any CPU
		{E74A4850-AD7D-4644-9970-BB20D53C1C64}.Release|Any CPU.ActiveCfg = Release|Any CPU
		{E74A4850-AD7D-4644-9970-BB20D53C1C64}.Release|Any CPU.Build.0 = Release|Any CPU
		{E74A4850-AD7D-4644-9970-BB20D53C1C64}.Release|x86.ActiveCfg = Release|Any CPU
		{E74A4850-AD7D-4644-9970-BB20D53C1C64}.Release|x86.Build.0 = Release|Any CPU
		{9284FDF4-0583-4F27-BC1F-94C6C0D71147}.Debug|Any CPU.ActiveCfg = Debug|Any CPU
		{9284FDF4-0583-4F27-BC1F-94C6C0D71147}.Debug|Any CPU.Build.0 = Debug|Any CPU
		{9284FDF4-0583-4F27-BC1F-94C6C0D71147}.Debug|x86.ActiveCfg = Debug|Any CPU
		{9284FDF4-0583-4F27-BC1F-94C6C0D71147}.Debug|x86.Build.0 = Debug|Any CPU
		{9284FDF4-0583-4F27-BC1F-94C6C0D71147}.Release|Any CPU.ActiveCfg = Release|Any CPU
		{9284FDF4-0583-4F27-BC1F-94C6C0D71147}.Release|Any CPU.Build.0 = Release|Any CPU
		{9284FDF4-0583-4F27-BC1F-94C6C0D71147}.Release|x86.ActiveCfg = Release|Any CPU
		{9284FDF4-0583-4F27-BC1F-94C6C0D71147}.Release|x86.Build.0 = Release|Any CPU
	EndGlobalSection
	GlobalSection(SolutionProperties) = preSolution
		HideSolutionNode = FALSE
	EndGlobalSection
	GlobalSection(ExtensibilityGlobals) = postSolution
		SolutionGuid = {A4A4BC99-7BAE-482A-A288-0816BCBB26F6}
	EndGlobalSection
EndGlobal
